
Microsoft Visual Studio Solution File, Format Version 12.00
# Visual Studio Version 17
VisualStudioVersion = 17.3.32901.215
MinimumVisualStudioVersion = 10.0.40219.1
Project("{9A19103F-16F7-4668-BE54-9A1E7A4F7556}") = "Agent", "Agent\Agent.csproj", "{9C611488-7A3A-417F-B2BD-FC0E64876F71}"
EndProject
Project("{9A19103F-16F7-4668-BE54-9A1E7A4F7556}") = "Hardware", "Hardware\Hardware.csproj", "{86517E4C-4A30-492F-83CF-3C202AC35899}"
EndProject
Project("{9A19103F-16F7-4668-BE54-9A1E7A4F7556}") = "Sdk", "Sdk\Sdk.csproj", "{11FD7BB4-6027-4D5A-85DC-58886FAF5E91}"
EndProject
Project("{2150E333-8FDC-42A3-9474-1A3956D46DE8}") = "Plugins", "Plugins", "{C7E6F262-4235-44DB-8AF0-00828F00E1DD}"
EndProject
Project("{9A19103F-16F7-4668-BE54-9A1E7A4F7556}") = "TempWarnPlugin", "Plugins\TempWarnPlugin\TempWarnPlugin.csproj", "{93AE5F30-C2B9-490D-9126-8E013B743490}"
EndProject
Project("{9A19103F-16F7-4668-BE54-9A1E7A4F7556}") = "ExitPlugin", "Plugins\ExitPlugin\ExitPlugin.csproj", "{18A9C1AE-D7E3-4855-B2E6-88653EF21602}"
EndProject
Project("{9A19103F-16F7-4668-BE54-9A1E7A4F7556}") = "AlertPlugin", "Plugins\AlertPlugin\AlertPlugin.csproj", "{A3A98899-F662-4769-93CD-580DAFA00376}"
EndProject
Project("{9A19103F-16F7-4668-BE54-9A1E7A4F7556}") = "AppsPlugin", "Plugins\AppsPlugin\AppsPlugin.csproj", "{1C3E79AC-77E9-43FC-BA5C-B2BC59342BCF}"
EndProject
Project("{9A19103F-16F7-4668-BE54-9A1E7A4F7556}") = "CapAppPlugin", "Plugins\CapAppPlugin\CapAppPlugin.csproj", "{E6A53778-9C54-44B3-BFEA-F20750FAFAC0}"
EndProject
Project("{9A19103F-16F7-4668-BE54-9A1E7A4F7556}") = "CapTimePlugin", "Plugins\CapTimePlugin\CapTimePlugin.csproj", "{63F6FACB-F4FA-464E-BD3B-E042C8009FC0}"
EndProject
Project("{9A19103F-16F7-4668-BE54-9A1E7A4F7556}") = "LanPlugin", "Plugins\LanPlugin\LanPlugin.csproj", "{E28D7975-AA5E-480E-A02A-392034F8D9B8}"
EndProject
Project("{9A19103F-16F7-4668-BE54-9A1E7A4F7556}") = "SpecPlugin", "Plugins\SpecPlugin\SpecPlugin.csproj", "{1B46B64A-47F9-4C56-9C80-9E047B3B2EF3}"
EndProject
Project("{9A19103F-16F7-4668-BE54-9A1E7A4F7556}") = "UpdatePlugin", "Plugins\UpdatePlugin\UpdatePlugin.csproj", "{7E5F6596-C41C-4BF5-9B50-2F9D71A98146}"
EndProject
Project("{9A19103F-16F7-4668-BE54-9A1E7A4F7556}") = "VolPlugin", "Plugins\VolPlugin\VolPlugin.csproj", "{1C545FF2-4CC0-4E1D-916F-A881A7CDCA21}"
EndProject
Project("{9A19103F-16F7-4668-BE54-9A1E7A4F7556}") = "prtsc", "Plugins\prtsc\prtsc.csproj", "{F0F26264-32AA-4C6C-B3AF-AFF0919908B6}"
EndProject
Project("{9A19103F-16F7-4668-BE54-9A1E7A4F7556}") = "msinfo32", "Plugins\msinfo32\msinfo32.csproj", "{D0CA68FB-6F62-4F94-B8B6-2A25B05D94A5}"
EndProject
Project("{9A19103F-16F7-4668-BE54-9A1E7A4F7556}") = "crontemp", "Plugins\crontemp\crontemp.csproj", "{4031399D-6B25-4CE5-9546-C77B6ED3A29B}"
EndProject
Project("{9A19103F-16F7-4668-BE54-9A1E7A4F7556}") = "pwrcfg", "Plugins\pwrcfg\pwrcfg.csproj", "{83AA2610-6B77-4580-BC3E-BDF459E8A510}"
EndProject
Project("{9A19103F-16F7-4668-BE54-9A1E7A4F7556}") = "help", "Plugins\help\help.csproj", "{5EBAEBAE-E3EB-42DB-819C-E1828E028F11}"
EndProject
Project("{9A19103F-16F7-4668-BE54-9A1E7A4F7556}") = "new", "Plugins\new\new.csproj", "{3EC331A9-BD0E-492D-9675-5268C10DFEE2}"
EndProject
Project("{9A19103F-16F7-4668-BE54-9A1E7A4F7556}") = "dim", "Plugins\dim\dim.csproj", "{8BD3B4FB-A6B3-491D-ABD5-0C968EBC1813}"
EndProject
Project("{9A19103F-16F7-4668-BE54-9A1E7A4F7556}") = "display", "Plugins\display\display.csproj", "{9FBC402C-331D-47C5-B843-1C6F7A0F7808}"
EndProject
Project("{FAE04EC0-301F-11D3-BF4B-00C04F79EFBC}") = "kill", "Plugins\kill\kill.csproj", "{DDD8C53B-0176-47EF-951D-9AEFBB6234BD}"
EndProject
Global
	GlobalSection(SolutionConfigurationPlatforms) = preSolution
		Debug|Any CPU = Debug|Any CPU
		Release|Any CPU = Release|Any CPU
	EndGlobalSection
	GlobalSection(ProjectConfigurationPlatforms) = postSolution
		{9C611488-7A3A-417F-B2BD-FC0E64876F71}.Debug|Any CPU.ActiveCfg = Debug|Any CPU
		{9C611488-7A3A-417F-B2BD-FC0E64876F71}.Debug|Any CPU.Build.0 = Debug|Any CPU
		{9C611488-7A3A-417F-B2BD-FC0E64876F71}.Release|Any CPU.ActiveCfg = Release|Any CPU
		{9C611488-7A3A-417F-B2BD-FC0E64876F71}.Release|Any CPU.Build.0 = Release|Any CPU
		{86517E4C-4A30-492F-83CF-3C202AC35899}.Debug|Any CPU.ActiveCfg = Debug|Any CPU
		{86517E4C-4A30-492F-83CF-3C202AC35899}.Debug|Any CPU.Build.0 = Debug|Any CPU
		{86517E4C-4A30-492F-83CF-3C202AC35899}.Release|Any CPU.ActiveCfg = Release|Any CPU
		{86517E4C-4A30-492F-83CF-3C202AC35899}.Release|Any CPU.Build.0 = Release|Any CPU
		{11FD7BB4-6027-4D5A-85DC-58886FAF5E91}.Debug|Any CPU.ActiveCfg = Debug|Any CPU
		{11FD7BB4-6027-4D5A-85DC-58886FAF5E91}.Debug|Any CPU.Build.0 = Debug|Any CPU
		{11FD7BB4-6027-4D5A-85DC-58886FAF5E91}.Release|Any CPU.ActiveCfg = Release|Any CPU
		{11FD7BB4-6027-4D5A-85DC-58886FAF5E91}.Release|Any CPU.Build.0 = Release|Any CPU
		{93AE5F30-C2B9-490D-9126-8E013B743490}.Debug|Any CPU.ActiveCfg = Debug|Any CPU
		{93AE5F30-C2B9-490D-9126-8E013B743490}.Debug|Any CPU.Build.0 = Debug|Any CPU
		{93AE5F30-C2B9-490D-9126-8E013B743490}.Release|Any CPU.ActiveCfg = Release|Any CPU
		{93AE5F30-C2B9-490D-9126-8E013B743490}.Release|Any CPU.Build.0 = Release|Any CPU
		{18A9C1AE-D7E3-4855-B2E6-88653EF21602}.Debug|Any CPU.ActiveCfg = Debug|Any CPU
		{18A9C1AE-D7E3-4855-B2E6-88653EF21602}.Debug|Any CPU.Build.0 = Debug|Any CPU
		{18A9C1AE-D7E3-4855-B2E6-88653EF21602}.Release|Any CPU.ActiveCfg = Release|Any CPU
		{18A9C1AE-D7E3-4855-B2E6-88653EF21602}.Release|Any CPU.Build.0 = Release|Any CPU
		{A3A98899-F662-4769-93CD-580DAFA00376}.Debug|Any CPU.ActiveCfg = Debug|Any CPU
		{A3A98899-F662-4769-93CD-580DAFA00376}.Debug|Any CPU.Build.0 = Debug|Any CPU
		{A3A98899-F662-4769-93CD-580DAFA00376}.Release|Any CPU.ActiveCfg = Release|Any CPU
		{A3A98899-F662-4769-93CD-580DAFA00376}.Release|Any CPU.Build.0 = Release|Any CPU
		{1C3E79AC-77E9-43FC-BA5C-B2BC59342BCF}.Debug|Any CPU.ActiveCfg = Debug|Any CPU
		{1C3E79AC-77E9-43FC-BA5C-B2BC59342BCF}.Debug|Any CPU.Build.0 = Debug|Any CPU
		{1C3E79AC-77E9-43FC-BA5C-B2BC59342BCF}.Release|Any CPU.ActiveCfg = Release|Any CPU
		{1C3E79AC-77E9-43FC-BA5C-B2BC59342BCF}.Release|Any CPU.Build.0 = Release|Any CPU
		{E6A53778-9C54-44B3-BFEA-F20750FAFAC0}.Debug|Any CPU.ActiveCfg = Debug|Any CPU
		{E6A53778-9C54-44B3-BFEA-F20750FAFAC0}.Debug|Any CPU.Build.0 = Debug|Any CPU
		{E6A53778-9C54-44B3-BFEA-F20750FAFAC0}.Release|Any CPU.ActiveCfg = Release|Any CPU
		{E6A53778-9C54-44B3-BFEA-F20750FAFAC0}.Release|Any CPU.Build.0 = Release|Any CPU
		{63F6FACB-F4FA-464E-BD3B-E042C8009FC0}.Debug|Any CPU.ActiveCfg = Debug|Any CPU
		{63F6FACB-F4FA-464E-BD3B-E042C8009FC0}.Debug|Any CPU.Build.0 = Debug|Any CPU
		{63F6FACB-F4FA-464E-BD3B-E042C8009FC0}.Release|Any CPU.ActiveCfg = Release|Any CPU
		{63F6FACB-F4FA-464E-BD3B-E042C8009FC0}.Release|Any CPU.Build.0 = Release|Any CPU
		{E28D7975-AA5E-480E-A02A-392034F8D9B8}.Debug|Any CPU.ActiveCfg = Debug|Any CPU
		{E28D7975-AA5E-480E-A02A-392034F8D9B8}.Debug|Any CPU.Build.0 = Debug|Any CPU
		{E28D7975-AA5E-480E-A02A-392034F8D9B8}.Release|Any CPU.ActiveCfg = Release|Any CPU
		{E28D7975-AA5E-480E-A02A-392034F8D9B8}.Release|Any CPU.Build.0 = Release|Any CPU
		{1B46B64A-47F9-4C56-9C80-9E047B3B2EF3}.Debug|Any CPU.ActiveCfg = Debug|Any CPU
		{1B46B64A-47F9-4C56-9C80-9E047B3B2EF3}.Debug|Any CPU.Build.0 = Debug|Any CPU
		{1B46B64A-47F9-4C56-9C80-9E047B3B2EF3}.Release|Any CPU.ActiveCfg = Release|Any CPU
		{1B46B64A-47F9-4C56-9C80-9E047B3B2EF3}.Release|Any CPU.Build.0 = Release|Any CPU
		{7E5F6596-C41C-4BF5-9B50-2F9D71A98146}.Debug|Any CPU.ActiveCfg = Debug|Any CPU
		{7E5F6596-C41C-4BF5-9B50-2F9D71A98146}.Debug|Any CPU.Build.0 = Debug|Any CPU
		{7E5F6596-C41C-4BF5-9B50-2F9D71A98146}.Release|Any CPU.ActiveCfg = Release|Any CPU
		{7E5F6596-C41C-4BF5-9B50-2F9D71A98146}.Release|Any CPU.Build.0 = Release|Any CPU
		{1C545FF2-4CC0-4E1D-916F-A881A7CDCA21}.Debug|Any CPU.ActiveCfg = Debug|Any CPU
		{1C545FF2-4CC0-4E1D-916F-A881A7CDCA21}.Debug|Any CPU.Build.0 = Debug|Any CPU
		{1C545FF2-4CC0-4E1D-916F-A881A7CDCA21}.Release|Any CPU.ActiveCfg = Release|Any CPU
		{1C545FF2-4CC0-4E1D-916F-A881A7CDCA21}.Release|Any CPU.Build.0 = Release|Any CPU
		{F0F26264-32AA-4C6C-B3AF-AFF0919908B6}.Debug|Any CPU.ActiveCfg = Debug|Any CPU
		{F0F26264-32AA-4C6C-B3AF-AFF0919908B6}.Debug|Any CPU.Build.0 = Debug|Any CPU
		{F0F26264-32AA-4C6C-B3AF-AFF0919908B6}.Release|Any CPU.ActiveCfg = Release|Any CPU
		{F0F26264-32AA-4C6C-B3AF-AFF0919908B6}.Release|Any CPU.Build.0 = Release|Any CPU
		{D0CA68FB-6F62-4F94-B8B6-2A25B05D94A5}.Debug|Any CPU.ActiveCfg = Debug|Any CPU
		{D0CA68FB-6F62-4F94-B8B6-2A25B05D94A5}.Debug|Any CPU.Build.0 = Debug|Any CPU
		{D0CA68FB-6F62-4F94-B8B6-2A25B05D94A5}.Release|Any CPU.ActiveCfg = Release|Any CPU
		{D0CA68FB-6F62-4F94-B8B6-2A25B05D94A5}.Release|Any CPU.Build.0 = Release|Any CPU
		{4031399D-6B25-4CE5-9546-C77B6ED3A29B}.Debug|Any CPU.ActiveCfg = Debug|Any CPU
		{4031399D-6B25-4CE5-9546-C77B6ED3A29B}.Debug|Any CPU.Build.0 = Debug|Any CPU
		{4031399D-6B25-4CE5-9546-C77B6ED3A29B}.Release|Any CPU.ActiveCfg = Release|Any CPU
		{4031399D-6B25-4CE5-9546-C77B6ED3A29B}.Release|Any CPU.Build.0 = Release|Any CPU
		{83AA2610-6B77-4580-BC3E-BDF459E8A510}.Debug|Any CPU.ActiveCfg = Debug|Any CPU
		{83AA2610-6B77-4580-BC3E-BDF459E8A510}.Debug|Any CPU.Build.0 = Debug|Any CPU
		{83AA2610-6B77-4580-BC3E-BDF459E8A510}.Release|Any CPU.ActiveCfg = Release|Any CPU
		{83AA2610-6B77-4580-BC3E-BDF459E8A510}.Release|Any CPU.Build.0 = Release|Any CPU
		{5EBAEBAE-E3EB-42DB-819C-E1828E028F11}.Debug|Any CPU.ActiveCfg = Debug|Any CPU
		{5EBAEBAE-E3EB-42DB-819C-E1828E028F11}.Debug|Any CPU.Build.0 = Debug|Any CPU
		{5EBAEBAE-E3EB-42DB-819C-E1828E028F11}.Release|Any CPU.ActiveCfg = Release|Any CPU
		{5EBAEBAE-E3EB-42DB-819C-E1828E028F11}.Release|Any CPU.Build.0 = Release|Any CPU
		{3EC331A9-BD0E-492D-9675-5268C10DFEE2}.Debug|Any CPU.ActiveCfg = Debug|Any CPU
		{3EC331A9-BD0E-492D-9675-5268C10DFEE2}.Debug|Any CPU.Build.0 = Debug|Any CPU
		{3EC331A9-BD0E-492D-9675-5268C10DFEE2}.Release|Any CPU.ActiveCfg = Release|Any CPU
		{3EC331A9-BD0E-492D-9675-5268C10DFEE2}.Release|Any CPU.Build.0 = Release|Any CPU
		{8BD3B4FB-A6B3-491D-ABD5-0C968EBC1813}.Debug|Any CPU.ActiveCfg = Debug|Any CPU
		{8BD3B4FB-A6B3-491D-ABD5-0C968EBC1813}.Debug|Any CPU.Build.0 = Debug|Any CPU
		{8BD3B4FB-A6B3-491D-ABD5-0C968EBC1813}.Release|Any CPU.ActiveCfg = Release|Any CPU
		{8BD3B4FB-A6B3-491D-ABD5-0C968EBC1813}.Release|Any CPU.Build.0 = Release|Any CPU
		{9FBC402C-331D-47C5-B843-1C6F7A0F7808}.Debug|Any CPU.ActiveCfg = Debug|Any CPU
		{9FBC402C-331D-47C5-B843-1C6F7A0F7808}.Debug|Any CPU.Build.0 = Debug|Any CPU
		{9FBC402C-331D-47C5-B843-1C6F7A0F7808}.Release|Any CPU.ActiveCfg = Release|Any CPU
		{9FBC402C-331D-47C5-B843-1C6F7A0F7808}.Release|Any CPU.Build.0 = Release|Any CPU
		{DDD8C53B-0176-47EF-951D-9AEFBB6234BD}.Debug|Any CPU.ActiveCfg = Debug|Any CPU
		{DDD8C53B-0176-47EF-951D-9AEFBB6234BD}.Debug|Any CPU.Build.0 = Debug|Any CPU
		{DDD8C53B-0176-47EF-951D-9AEFBB6234BD}.Release|Any CPU.ActiveCfg = Release|Any CPU
		{DDD8C53B-0176-47EF-951D-9AEFBB6234BD}.Release|Any CPU.Build.0 = Release|Any CPU
	EndGlobalSection
	GlobalSection(SolutionProperties) = preSolution
		HideSolutionNode = FALSE
	EndGlobalSection
	GlobalSection(NestedProjects) = preSolution
		{93AE5F30-C2B9-490D-9126-8E013B743490} = {C7E6F262-4235-44DB-8AF0-00828F00E1DD}
		{18A9C1AE-D7E3-4855-B2E6-88653EF21602} = {C7E6F262-4235-44DB-8AF0-00828F00E1DD}
		{A3A98899-F662-4769-93CD-580DAFA00376} = {C7E6F262-4235-44DB-8AF0-00828F00E1DD}
		{1C3E79AC-77E9-43FC-BA5C-B2BC59342BCF} = {C7E6F262-4235-44DB-8AF0-00828F00E1DD}
		{E6A53778-9C54-44B3-BFEA-F20750FAFAC0} = {C7E6F262-4235-44DB-8AF0-00828F00E1DD}
		{63F6FACB-F4FA-464E-BD3B-E042C8009FC0} = {C7E6F262-4235-44DB-8AF0-00828F00E1DD}
		{E28D7975-AA5E-480E-A02A-392034F8D9B8} = {C7E6F262-4235-44DB-8AF0-00828F00E1DD}
		{1B46B64A-47F9-4C56-9C80-9E047B3B2EF3} = {C7E6F262-4235-44DB-8AF0-00828F00E1DD}
		{7E5F6596-C41C-4BF5-9B50-2F9D71A98146} = {C7E6F262-4235-44DB-8AF0-00828F00E1DD}
		{1C545FF2-4CC0-4E1D-916F-A881A7CDCA21} = {C7E6F262-4235-44DB-8AF0-00828F00E1DD}
		{F0F26264-32AA-4C6C-B3AF-AFF0919908B6} = {C7E6F262-4235-44DB-8AF0-00828F00E1DD}
		{D0CA68FB-6F62-4F94-B8B6-2A25B05D94A5} = {C7E6F262-4235-44DB-8AF0-00828F00E1DD}
		{4031399D-6B25-4CE5-9546-C77B6ED3A29B} = {C7E6F262-4235-44DB-8AF0-00828F00E1DD}
		{83AA2610-6B77-4580-BC3E-BDF459E8A510} = {C7E6F262-4235-44DB-8AF0-00828F00E1DD}
		{5EBAEBAE-E3EB-42DB-819C-E1828E028F11} = {C7E6F262-4235-44DB-8AF0-00828F00E1DD}
		{3EC331A9-BD0E-492D-9675-5268C10DFEE2} = {C7E6F262-4235-44DB-8AF0-00828F00E1DD}
		{8BD3B4FB-A6B3-491D-ABD5-0C968EBC1813} = {C7E6F262-4235-44DB-8AF0-00828F00E1DD}
		{9FBC402C-331D-47C5-B843-1C6F7A0F7808} = {C7E6F262-4235-44DB-8AF0-00828F00E1DD}
		{DDD8C53B-0176-47EF-951D-9AEFBB6234BD} = {C7E6F262-4235-44DB-8AF0-00828F00E1DD}
	EndGlobalSection
	GlobalSection(ExtensibilityGlobals) = postSolution
		SolutionGuid = {5B2CEA93-2D07-498E-997E-606E00FB2CAB}
	EndGlobalSection
EndGlobal
