
Microsoft Visual Studio Solution File, Format Version 12.00
# Visual Studio Version 17
VisualStudioVersion = 17.3.32901.215
MinimumVisualStudioVersion = 10.0.40219.1
Project("{9A19103F-16F7-4668-BE54-9A1E7A4F7556}") = "Agent", "Agent\Agent.csproj", "{9C611488-7A3A-417F-B2BD-FC0E64876F71}"
EndProject
Project("{9A19103F-16F7-4668-BE54-9A1E7A4F7556}") = "Hardware", "Hardware\Hardware.csproj", "{86517E4C-4A30-492F-83CF-3C202AC35899}"
EndProject
Project("{9A19103F-16F7-4668-BE54-9A1E7A4F7556}") = "Sdk", "Sdk\Sdk.csproj", "{11FD7BB4-6027-4D5A-85DC-58886FAF5E91}"
EndProject
Project("{2150E333-8FDC-42A3-9474-1A3956D46DE8}") = "Plugins", "Plugins", "{C7E6F262-4235-44DB-8AF0-00828F00E1DD}"
EndProject
Project("{9A19103F-16F7-4668-BE54-9A1E7A4F7556}") = "prtsc", "Plugins\prtsc\prtsc.csproj", "{F0F26264-32AA-4C6C-B3AF-AFF0919908B6}"
EndProject
Project("{9A19103F-16F7-4668-BE54-9A1E7A4F7556}") = "msinfo32", "Plugins\msinfo32\msinfo32.csproj", "{D0CA68FB-6F62-4F94-B8B6-2A25B05D94A5}"
EndProject
Project("{9A19103F-16F7-4668-BE54-9A1E7A4F7556}") = "crontemp", "Plugins\crontemp\crontemp.csproj", "{4031399D-6B25-4CE5-9546-C77B6ED3A29B}"
EndProject
Project("{9A19103F-16F7-4668-BE54-9A1E7A4F7556}") = "pwrcfg", "Plugins\pwrcfg\pwrcfg.csproj", "{83AA2610-6B77-4580-BC3E-BDF459E8A510}"
EndProject
Project("{9A19103F-16F7-4668-BE54-9A1E7A4F7556}") = "help", "Plugins\help\help.csproj", "{5EBAEBAE-E3EB-42DB-819C-E1828E028F11}"
EndProject
Project("{9A19103F-16F7-4668-BE54-9A1E7A4F7556}") = "new", "Plugins\new\new.csproj", "{3EC331A9-BD0E-492D-9675-5268C10DFEE2}"
EndProject
Project("{9A19103F-16F7-4668-BE54-9A1E7A4F7556}") = "dim", "Plugins\dim\dim.csproj", "{8BD3B4FB-A6B3-491D-ABD5-0C968EBC1813}"
EndProject
Project("{9A19103F-16F7-4668-BE54-9A1E7A4F7556}") = "display", "Plugins\display\display.csproj", "{9FBC402C-331D-47C5-B843-1C6F7A0F7808}"
EndProject
Project("{9A19103F-16F7-4668-BE54-9A1E7A4F7556}") = "kill", "Plugins\kill\kill.csproj", "{DDD8C53B-0176-47EF-951D-9AEFBB6234BD}"
EndProject
Project("{9A19103F-16F7-4668-BE54-9A1E7A4F7556}") = "vol", "Plugins\vol\vol.csproj", "{D81C3E1D-8DEE-4BA0-B6F5-DC1926C46BB2}"
EndProject
Project("{9A19103F-16F7-4668-BE54-9A1E7A4F7556}") = "update", "Plugins\update\update.csproj", "{B84C50BC-A24F-48C9-AF1E-1ADA809FAA27}"
EndProject
Project("{9A19103F-16F7-4668-BE54-9A1E7A4F7556}") = "croncap", "Plugins\croncap\croncap.csproj", "{F938EB0C-1105-4198-B374-23FF369AEF40}"
EndProject
Project("{9A19103F-16F7-4668-BE54-9A1E7A4F7556}") = "alert", "Plugins\alert\alert.csproj", "{50A0DAA8-9990-4CED-BC66-54714AD92210}"
EndProject
Project("{9A19103F-16F7-4668-BE54-9A1E7A4F7556}") = "apps", "Plugins\apps\apps.csproj", "{AE8E3F4D-E868-4B3D-99EB-6CD2C23FB264}"
EndProject
Project("{9A19103F-16F7-4668-BE54-9A1E7A4F7556}") = "capapp", "Plugins\capapp\capapp.csproj", "{12BA54C9-EA0D-4754-A58F-4008B85F5D45}"
EndProject
Project("{9A19103F-16F7-4668-BE54-9A1E7A4F7556}") = "exit", "Plugins\exit\exit.csproj", "{96B7DF30-2A81-40DF-8FEE-B79B0B26F164}"
EndProject
Global
	GlobalSection(SolutionConfigurationPlatforms) = preSolution
		Debug|Any CPU = Debug|Any CPU
		Debug|x64 = Debug|x64
		Release|Any CPU = Release|Any CPU
		Release|x64 = Release|x64
	EndGlobalSection
	GlobalSection(ProjectConfigurationPlatforms) = postSolution
		{9C611488-7A3A-417F-B2BD-FC0E64876F71}.Debug|Any CPU.ActiveCfg = Debug|Any CPU
		{9C611488-7A3A-417F-B2BD-FC0E64876F71}.Debug|Any CPU.Build.0 = Debug|Any CPU
		{9C611488-7A3A-417F-B2BD-FC0E64876F71}.Debug|x64.ActiveCfg = Debug|x64
		{9C611488-7A3A-417F-B2BD-FC0E64876F71}.Debug|x64.Build.0 = Debug|x64
		{9C611488-7A3A-417F-B2BD-FC0E64876F71}.Release|Any CPU.ActiveCfg = Release|Any CPU
		{9C611488-7A3A-417F-B2BD-FC0E64876F71}.Release|Any CPU.Build.0 = Release|Any CPU
		{9C611488-7A3A-417F-B2BD-FC0E64876F71}.Release|x64.ActiveCfg = Release|x64
		{9C611488-7A3A-417F-B2BD-FC0E64876F71}.Release|x64.Build.0 = Release|x64
		{86517E4C-4A30-492F-83CF-3C202AC35899}.Debug|Any CPU.ActiveCfg = Debug|Any CPU
		{86517E4C-4A30-492F-83CF-3C202AC35899}.Debug|Any CPU.Build.0 = Debug|Any CPU
		{86517E4C-4A30-492F-83CF-3C202AC35899}.Debug|x64.ActiveCfg = Debug|x64
		{86517E4C-4A30-492F-83CF-3C202AC35899}.Debug|x64.Build.0 = Debug|x64
		{86517E4C-4A30-492F-83CF-3C202AC35899}.Release|Any CPU.ActiveCfg = Release|Any CPU
		{86517E4C-4A30-492F-83CF-3C202AC35899}.Release|Any CPU.Build.0 = Release|Any CPU
		{86517E4C-4A30-492F-83CF-3C202AC35899}.Release|x64.ActiveCfg = Release|x64
		{86517E4C-4A30-492F-83CF-3C202AC35899}.Release|x64.Build.0 = Release|x64
		{11FD7BB4-6027-4D5A-85DC-58886FAF5E91}.Debug|Any CPU.ActiveCfg = Debug|Any CPU
		{11FD7BB4-6027-4D5A-85DC-58886FAF5E91}.Debug|Any CPU.Build.0 = Debug|Any CPU
		{11FD7BB4-6027-4D5A-85DC-58886FAF5E91}.Debug|x64.ActiveCfg = Debug|x64
		{11FD7BB4-6027-4D5A-85DC-58886FAF5E91}.Debug|x64.Build.0 = Debug|x64
		{11FD7BB4-6027-4D5A-85DC-58886FAF5E91}.Release|Any CPU.ActiveCfg = Release|Any CPU
		{11FD7BB4-6027-4D5A-85DC-58886FAF5E91}.Release|Any CPU.Build.0 = Release|Any CPU
		{11FD7BB4-6027-4D5A-85DC-58886FAF5E91}.Release|x64.ActiveCfg = Release|x64
		{11FD7BB4-6027-4D5A-85DC-58886FAF5E91}.Release|x64.Build.0 = Release|x64
		{F0F26264-32AA-4C6C-B3AF-AFF0919908B6}.Debug|Any CPU.ActiveCfg = Debug|Any CPU
		{F0F26264-32AA-4C6C-B3AF-AFF0919908B6}.Debug|Any CPU.Build.0 = Debug|Any CPU
		{F0F26264-32AA-4C6C-B3AF-AFF0919908B6}.Debug|x64.ActiveCfg = Debug|Any CPU
		{F0F26264-32AA-4C6C-B3AF-AFF0919908B6}.Release|Any CPU.ActiveCfg = Release|Any CPU
		{F0F26264-32AA-4C6C-B3AF-AFF0919908B6}.Release|Any CPU.Build.0 = Release|Any CPU
		{F0F26264-32AA-4C6C-B3AF-AFF0919908B6}.Release|x64.ActiveCfg = Release|Any CPU
		{D0CA68FB-6F62-4F94-B8B6-2A25B05D94A5}.Debug|Any CPU.ActiveCfg = Debug|Any CPU
		{D0CA68FB-6F62-4F94-B8B6-2A25B05D94A5}.Debug|Any CPU.Build.0 = Debug|Any CPU
		{D0CA68FB-6F62-4F94-B8B6-2A25B05D94A5}.Debug|x64.ActiveCfg = Debug|Any CPU
		{D0CA68FB-6F62-4F94-B8B6-2A25B05D94A5}.Release|Any CPU.ActiveCfg = Release|Any CPU
		{D0CA68FB-6F62-4F94-B8B6-2A25B05D94A5}.Release|Any CPU.Build.0 = Release|Any CPU
		{D0CA68FB-6F62-4F94-B8B6-2A25B05D94A5}.Release|x64.ActiveCfg = Release|Any CPU
		{4031399D-6B25-4CE5-9546-C77B6ED3A29B}.Debug|Any CPU.ActiveCfg = Debug|Any CPU
		{4031399D-6B25-4CE5-9546-C77B6ED3A29B}.Debug|Any CPU.Build.0 = Debug|Any CPU
		{4031399D-6B25-4CE5-9546-C77B6ED3A29B}.Debug|x64.ActiveCfg = Debug|Any CPU
		{4031399D-6B25-4CE5-9546-C77B6ED3A29B}.Release|Any CPU.ActiveCfg = Release|Any CPU
		{4031399D-6B25-4CE5-9546-C77B6ED3A29B}.Release|Any CPU.Build.0 = Release|Any CPU
		{4031399D-6B25-4CE5-9546-C77B6ED3A29B}.Release|x64.ActiveCfg = Release|Any CPU
		{83AA2610-6B77-4580-BC3E-BDF459E8A510}.Debug|Any CPU.ActiveCfg = Debug|Any CPU
		{83AA2610-6B77-4580-BC3E-BDF459E8A510}.Debug|Any CPU.Build.0 = Debug|Any CPU
		{83AA2610-6B77-4580-BC3E-BDF459E8A510}.Debug|x64.ActiveCfg = Debug|Any CPU
		{83AA2610-6B77-4580-BC3E-BDF459E8A510}.Release|Any CPU.ActiveCfg = Release|Any CPU
		{83AA2610-6B77-4580-BC3E-BDF459E8A510}.Release|Any CPU.Build.0 = Release|Any CPU
		{83AA2610-6B77-4580-BC3E-BDF459E8A510}.Release|x64.ActiveCfg = Release|Any CPU
		{5EBAEBAE-E3EB-42DB-819C-E1828E028F11}.Debug|Any CPU.ActiveCfg = Debug|Any CPU
		{5EBAEBAE-E3EB-42DB-819C-E1828E028F11}.Debug|Any CPU.Build.0 = Debug|Any CPU
		{5EBAEBAE-E3EB-42DB-819C-E1828E028F11}.Debug|x64.ActiveCfg = Debug|Any CPU
		{5EBAEBAE-E3EB-42DB-819C-E1828E028F11}.Release|Any CPU.ActiveCfg = Release|Any CPU
		{5EBAEBAE-E3EB-42DB-819C-E1828E028F11}.Release|Any CPU.Build.0 = Release|Any CPU
		{5EBAEBAE-E3EB-42DB-819C-E1828E028F11}.Release|x64.ActiveCfg = Release|Any CPU
		{3EC331A9-BD0E-492D-9675-5268C10DFEE2}.Debug|Any CPU.ActiveCfg = Debug|Any CPU
		{3EC331A9-BD0E-492D-9675-5268C10DFEE2}.Debug|Any CPU.Build.0 = Debug|Any CPU
		{3EC331A9-BD0E-492D-9675-5268C10DFEE2}.Debug|x64.ActiveCfg = Debug|Any CPU
		{3EC331A9-BD0E-492D-9675-5268C10DFEE2}.Release|Any CPU.ActiveCfg = Release|Any CPU
		{3EC331A9-BD0E-492D-9675-5268C10DFEE2}.Release|Any CPU.Build.0 = Release|Any CPU
		{3EC331A9-BD0E-492D-9675-5268C10DFEE2}.Release|x64.ActiveCfg = Release|Any CPU
		{8BD3B4FB-A6B3-491D-ABD5-0C968EBC1813}.Debug|Any CPU.ActiveCfg = Debug|Any CPU
		{8BD3B4FB-A6B3-491D-ABD5-0C968EBC1813}.Debug|Any CPU.Build.0 = Debug|Any CPU
		{8BD3B4FB-A6B3-491D-ABD5-0C968EBC1813}.Debug|x64.ActiveCfg = Debug|x64
		{8BD3B4FB-A6B3-491D-ABD5-0C968EBC1813}.Debug|x64.Build.0 = Debug|x64
		{8BD3B4FB-A6B3-491D-ABD5-0C968EBC1813}.Release|Any CPU.ActiveCfg = Release|Any CPU
		{8BD3B4FB-A6B3-491D-ABD5-0C968EBC1813}.Release|Any CPU.Build.0 = Release|Any CPU
		{8BD3B4FB-A6B3-491D-ABD5-0C968EBC1813}.Release|x64.ActiveCfg = Release|x64
		{8BD3B4FB-A6B3-491D-ABD5-0C968EBC1813}.Release|x64.Build.0 = Release|x64
		{9FBC402C-331D-47C5-B843-1C6F7A0F7808}.Debug|Any CPU.ActiveCfg = Debug|Any CPU
		{9FBC402C-331D-47C5-B843-1C6F7A0F7808}.Debug|Any CPU.Build.0 = Debug|Any CPU
		{9FBC402C-331D-47C5-B843-1C6F7A0F7808}.Debug|x64.ActiveCfg = Debug|Any CPU
		{9FBC402C-331D-47C5-B843-1C6F7A0F7808}.Release|Any CPU.ActiveCfg = Release|Any CPU
		{9FBC402C-331D-47C5-B843-1C6F7A0F7808}.Release|Any CPU.Build.0 = Release|Any CPU
		{9FBC402C-331D-47C5-B843-1C6F7A0F7808}.Release|x64.ActiveCfg = Release|Any CPU
		{DDD8C53B-0176-47EF-951D-9AEFBB6234BD}.Debug|Any CPU.ActiveCfg = Debug|Any CPU
		{DDD8C53B-0176-47EF-951D-9AEFBB6234BD}.Debug|Any CPU.Build.0 = Debug|Any CPU
		{DDD8C53B-0176-47EF-951D-9AEFBB6234BD}.Debug|x64.ActiveCfg = Debug|Any CPU
		{DDD8C53B-0176-47EF-951D-9AEFBB6234BD}.Release|Any CPU.ActiveCfg = Release|Any CPU
		{DDD8C53B-0176-47EF-951D-9AEFBB6234BD}.Release|Any CPU.Build.0 = Release|Any CPU
		{DDD8C53B-0176-47EF-951D-9AEFBB6234BD}.Release|x64.ActiveCfg = Release|Any CPU
		{D81C3E1D-8DEE-4BA0-B6F5-DC1926C46BB2}.Debug|Any CPU.ActiveCfg = Debug|Any CPU
		{D81C3E1D-8DEE-4BA0-B6F5-DC1926C46BB2}.Debug|Any CPU.Build.0 = Debug|Any CPU
		{D81C3E1D-8DEE-4BA0-B6F5-DC1926C46BB2}.Debug|x64.ActiveCfg = Debug|Any CPU
		{D81C3E1D-8DEE-4BA0-B6F5-DC1926C46BB2}.Release|Any CPU.ActiveCfg = Release|Any CPU
		{D81C3E1D-8DEE-4BA0-B6F5-DC1926C46BB2}.Release|Any CPU.Build.0 = Release|Any CPU
		{D81C3E1D-8DEE-4BA0-B6F5-DC1926C46BB2}.Release|x64.ActiveCfg = Release|Any CPU
		{B84C50BC-A24F-48C9-AF1E-1ADA809FAA27}.Debug|Any CPU.ActiveCfg = Debug|Any CPU
		{B84C50BC-A24F-48C9-AF1E-1ADA809FAA27}.Debug|Any CPU.Build.0 = Debug|Any CPU
		{B84C50BC-A24F-48C9-AF1E-1ADA809FAA27}.Debug|x64.ActiveCfg = Debug|Any CPU
		{B84C50BC-A24F-48C9-AF1E-1ADA809FAA27}.Release|Any CPU.ActiveCfg = Release|Any CPU
		{B84C50BC-A24F-48C9-AF1E-1ADA809FAA27}.Release|Any CPU.Build.0 = Release|Any CPU
		{B84C50BC-A24F-48C9-AF1E-1ADA809FAA27}.Release|x64.ActiveCfg = Release|Any CPU
		{F938EB0C-1105-4198-B374-23FF369AEF40}.Debug|Any CPU.ActiveCfg = Debug|Any CPU
		{F938EB0C-1105-4198-B374-23FF369AEF40}.Debug|Any CPU.Build.0 = Debug|Any CPU
		{F938EB0C-1105-4198-B374-23FF369AEF40}.Debug|x64.ActiveCfg = Debug|Any CPU
		{F938EB0C-1105-4198-B374-23FF369AEF40}.Debug|x64.Build.0 = Debug|Any CPU
		{F938EB0C-1105-4198-B374-23FF369AEF40}.Release|Any CPU.ActiveCfg = Release|Any CPU
		{F938EB0C-1105-4198-B374-23FF369AEF40}.Release|Any CPU.Build.0 = Release|Any CPU
		{F938EB0C-1105-4198-B374-23FF369AEF40}.Release|x64.ActiveCfg = Release|Any CPU
		{F938EB0C-1105-4198-B374-23FF369AEF40}.Release|x64.Build.0 = Release|Any CPU
		{50A0DAA8-9990-4CED-BC66-54714AD92210}.Debug|Any CPU.ActiveCfg = Debug|Any CPU
		{50A0DAA8-9990-4CED-BC66-54714AD92210}.Debug|Any CPU.Build.0 = Debug|Any CPU
		{50A0DAA8-9990-4CED-BC66-54714AD92210}.Debug|x64.ActiveCfg = Debug|Any CPU
		{50A0DAA8-9990-4CED-BC66-54714AD92210}.Debug|x64.Build.0 = Debug|Any CPU
		{50A0DAA8-9990-4CED-BC66-54714AD92210}.Release|Any CPU.ActiveCfg = Release|Any CPU
		{50A0DAA8-9990-4CED-BC66-54714AD92210}.Release|Any CPU.Build.0 = Release|Any CPU
		{50A0DAA8-9990-4CED-BC66-54714AD92210}.Release|x64.ActiveCfg = Release|Any CPU
		{50A0DAA8-9990-4CED-BC66-54714AD92210}.Release|x64.Build.0 = Release|Any CPU
		{AE8E3F4D-E868-4B3D-99EB-6CD2C23FB264}.Debug|Any CPU.ActiveCfg = Debug|Any CPU
		{AE8E3F4D-E868-4B3D-99EB-6CD2C23FB264}.Debug|Any CPU.Build.0 = Debug|Any CPU
		{AE8E3F4D-E868-4B3D-99EB-6CD2C23FB264}.Debug|x64.ActiveCfg = Debug|Any CPU
		{AE8E3F4D-E868-4B3D-99EB-6CD2C23FB264}.Debug|x64.Build.0 = Debug|Any CPU
		{AE8E3F4D-E868-4B3D-99EB-6CD2C23FB264}.Release|Any CPU.ActiveCfg = Release|Any CPU
		{AE8E3F4D-E868-4B3D-99EB-6CD2C23FB264}.Release|Any CPU.Build.0 = Release|Any CPU
		{AE8E3F4D-E868-4B3D-99EB-6CD2C23FB264}.Release|x64.ActiveCfg = Release|Any CPU
		{AE8E3F4D-E868-4B3D-99EB-6CD2C23FB264}.Release|x64.Build.0 = Release|Any CPU
		{12BA54C9-EA0D-4754-A58F-4008B85F5D45}.Debug|Any CPU.ActiveCfg = Debug|Any CPU
		{12BA54C9-EA0D-4754-A58F-4008B85F5D45}.Debug|Any CPU.Build.0 = Debug|Any CPU
		{12BA54C9-EA0D-4754-A58F-4008B85F5D45}.Debug|x64.ActiveCfg = Debug|Any CPU
		{12BA54C9-EA0D-4754-A58F-4008B85F5D45}.Debug|x64.Build.0 = Debug|Any CPU
		{12BA54C9-EA0D-4754-A58F-4008B85F5D45}.Release|Any CPU.ActiveCfg = Release|Any CPU
		{12BA54C9-EA0D-4754-A58F-4008B85F5D45}.Release|Any CPU.Build.0 = Release|Any CPU
		{12BA54C9-EA0D-4754-A58F-4008B85F5D45}.Release|x64.ActiveCfg = Release|Any CPU
		{12BA54C9-EA0D-4754-A58F-4008B85F5D45}.Release|x64.Build.0 = Release|Any CPU
		{96B7DF30-2A81-40DF-8FEE-B79B0B26F164}.Debug|Any CPU.ActiveCfg = Debug|Any CPU
		{96B7DF30-2A81-40DF-8FEE-B79B0B26F164}.Debug|Any CPU.Build.0 = Debug|Any CPU
		{96B7DF30-2A81-40DF-8FEE-B79B0B26F164}.Debug|x64.ActiveCfg = Debug|Any CPU
		{96B7DF30-2A81-40DF-8FEE-B79B0B26F164}.Debug|x64.Build.0 = Debug|Any CPU
		{96B7DF30-2A81-40DF-8FEE-B79B0B26F164}.Release|Any CPU.ActiveCfg = Release|Any CPU
		{96B7DF30-2A81-40DF-8FEE-B79B0B26F164}.Release|Any CPU.Build.0 = Release|Any CPU
		{96B7DF30-2A81-40DF-8FEE-B79B0B26F164}.Release|x64.ActiveCfg = Release|Any CPU
		{96B7DF30-2A81-40DF-8FEE-B79B0B26F164}.Release|x64.Build.0 = Release|Any CPU
	EndGlobalSection
	GlobalSection(SolutionProperties) = preSolution
		HideSolutionNode = FALSE
	EndGlobalSection
	GlobalSection(NestedProjects) = preSolution
		{F0F26264-32AA-4C6C-B3AF-AFF0919908B6} = {C7E6F262-4235-44DB-8AF0-00828F00E1DD}
		{D0CA68FB-6F62-4F94-B8B6-2A25B05D94A5} = {C7E6F262-4235-44DB-8AF0-00828F00E1DD}
		{4031399D-6B25-4CE5-9546-C77B6ED3A29B} = {C7E6F262-4235-44DB-8AF0-00828F00E1DD}
		{83AA2610-6B77-4580-BC3E-BDF459E8A510} = {C7E6F262-4235-44DB-8AF0-00828F00E1DD}
		{5EBAEBAE-E3EB-42DB-819C-E1828E028F11} = {C7E6F262-4235-44DB-8AF0-00828F00E1DD}
		{3EC331A9-BD0E-492D-9675-5268C10DFEE2} = {C7E6F262-4235-44DB-8AF0-00828F00E1DD}
		{8BD3B4FB-A6B3-491D-ABD5-0C968EBC1813} = {C7E6F262-4235-44DB-8AF0-00828F00E1DD}
		{9FBC402C-331D-47C5-B843-1C6F7A0F7808} = {C7E6F262-4235-44DB-8AF0-00828F00E1DD}
		{DDD8C53B-0176-47EF-951D-9AEFBB6234BD} = {C7E6F262-4235-44DB-8AF0-00828F00E1DD}
		{D81C3E1D-8DEE-4BA0-B6F5-DC1926C46BB2} = {C7E6F262-4235-44DB-8AF0-00828F00E1DD}
		{B84C50BC-A24F-48C9-AF1E-1ADA809FAA27} = {C7E6F262-4235-44DB-8AF0-00828F00E1DD}
		{F938EB0C-1105-4198-B374-23FF369AEF40} = {C7E6F262-4235-44DB-8AF0-00828F00E1DD}
		{50A0DAA8-9990-4CED-BC66-54714AD92210} = {C7E6F262-4235-44DB-8AF0-00828F00E1DD}
		{AE8E3F4D-E868-4B3D-99EB-6CD2C23FB264} = {C7E6F262-4235-44DB-8AF0-00828F00E1DD}
		{12BA54C9-EA0D-4754-A58F-4008B85F5D45} = {C7E6F262-4235-44DB-8AF0-00828F00E1DD}
		{96B7DF30-2A81-40DF-8FEE-B79B0B26F164} = {C7E6F262-4235-44DB-8AF0-00828F00E1DD}
	EndGlobalSection
	GlobalSection(ExtensibilityGlobals) = postSolution
		SolutionGuid = {5B2CEA93-2D07-498E-997E-606E00FB2CAB}
	EndGlobalSection
EndGlobal
